
Microsoft Visual Studio Solution File, Format Version 12.00
# Visual Studio Version 17
VisualStudioVersion = 17.8.34316.72
MinimumVisualStudioVersion = 10.0.40219.1
Project("{FAE04EC0-301F-11D3-BF4B-00C04F79EFBC}") = "csharp1", "csharp1\csharp1.csproj", "{0B2CD516-716B-4FDF-B4DA-507D0DE1B7AE}"
EndProject
Global
	GlobalSection(SolutionConfigurationPlatforms) = preSolution
		Debug|Any CPU = Debug|Any CPU
		Release|Any CPU = Release|Any CPU
	EndGlobalSection
	GlobalSection(ProjectConfigurationPlatforms) = postSolution
		{0B2CD516-716B-4FDF-B4DA-507D0DE1B7AE}.Debug|Any CPU.ActiveCfg = Debug|Any CPU
		{0B2CD516-716B-4FDF-B4DA-507D0DE1B7AE}.Debug|Any CPU.Build.0 = Debug|Any CPU
		{0B2CD516-716B-4FDF-B4DA-507D0DE1B7AE}.Release|Any CPU.ActiveCfg = Release|Any CPU
		{0B2CD516-716B-4FDF-B4DA-507D0DE1B7AE}.Release|Any CPU.Build.0 = Release|Any CPU
	EndGlobalSection
	GlobalSection(SolutionProperties) = preSolution
		HideSolutionNode = FALSE
	EndGlobalSection
	GlobalSection(ExtensibilityGlobals) = postSolution
		SolutionGuid = {E0862E5A-3D03-408B-B7F6-D446AC714CA1}
	EndGlobalSection
EndGlobal
